
Microsoft Visual Studio Solution File, Format Version 12.00
# Visual Studio Version 16
VisualStudioVersion = 16.0.30709.132
MinimumVisualStudioVersion = 10.0.40219.1
Project("{FAE04EC0-301F-11D3-BF4B-00C04F79EFBC}") = "Wazzy", "Wazzy\Wazzy.csproj", "{0C2C1992-A71E-4E98-9CE2-B15E179737BB}"
EndProject
Project("{FAE04EC0-301F-11D3-BF4B-00C04F79EFBC}") = "Wazzy.CLI", "Wazzy.CLI\Wazzy.CLI.csproj", "{3FCB1DDA-61EF-40E7-A463-41F6B2A9BF6A}"
EndProject
Global
	GlobalSection(SolutionConfigurationPlatforms) = preSolution
		Debug|Any CPU = Debug|Any CPU
		Release|Any CPU = Release|Any CPU
	EndGlobalSection
	GlobalSection(ProjectConfigurationPlatforms) = postSolution
		{0C2C1992-A71E-4E98-9CE2-B15E179737BB}.Debug|Any CPU.ActiveCfg = Debug|Any CPU
		{0C2C1992-A71E-4E98-9CE2-B15E179737BB}.Debug|Any CPU.Build.0 = Debug|Any CPU
		{0C2C1992-A71E-4E98-9CE2-B15E179737BB}.Release|Any CPU.ActiveCfg = Release|Any CPU
		{0C2C1992-A71E-4E98-9CE2-B15E179737BB}.Release|Any CPU.Build.0 = Release|Any CPU
		{3FCB1DDA-61EF-40E7-A463-41F6B2A9BF6A}.Debug|Any CPU.ActiveCfg = Debug|Any CPU
		{3FCB1DDA-61EF-40E7-A463-41F6B2A9BF6A}.Debug|Any CPU.Build.0 = Debug|Any CPU
		{3FCB1DDA-61EF-40E7-A463-41F6B2A9BF6A}.Release|Any CPU.ActiveCfg = Release|Any CPU
		{3FCB1DDA-61EF-40E7-A463-41F6B2A9BF6A}.Release|Any CPU.Build.0 = Release|Any CPU
	EndGlobalSection
	GlobalSection(SolutionProperties) = preSolution
		HideSolutionNode = FALSE
	EndGlobalSection
	GlobalSection(ExtensibilityGlobals) = postSolution
		SolutionGuid = {E5E98ACF-1BF7-4746-BEB4-95A890B8DEF8}
	EndGlobalSection
EndGlobal
